
Microsoft Visual Studio Solution File, Format Version 12.00
# Visual Studio 15
VisualStudioVersion = 15.0.27428.2002
MinimumVisualStudioVersion = 10.0.40219.1
Project("{E24C65DC-7377-472B-9ABA-BC803B73C61A}") = "Fun", "Fun\", "{4CAAF40D-D8C3-490A-8449-32AC774620B5}"
	ProjectSection(WebsiteProperties) = preProject
		TargetFrameworkMoniker = ".NETFramework,Version%3Dv4.6.1"
		Debug.AspNetCompiler.VirtualPath = "/localhost_53387"
		Debug.AspNetCompiler.PhysicalPath = "Fun\"
		Debug.AspNetCompiler.TargetPath = "PrecompiledWeb\localhost_53387\"
		Debug.AspNetCompiler.Updateable = "true"
		Debug.AspNetCompiler.ForceOverwrite = "true"
		Debug.AspNetCompiler.FixedNames = "false"
		Debug.AspNetCompiler.Debug = "True"
		Release.AspNetCompiler.VirtualPath = "/localhost_53387"
		Release.AspNetCompiler.PhysicalPath = "Fun\"
		Release.AspNetCompiler.TargetPath = "PrecompiledWeb\localhost_53387\"
		Release.AspNetCompiler.Updateable = "true"
		Release.AspNetCompiler.ForceOverwrite = "true"
		Release.AspNetCompiler.FixedNames = "false"
		Release.AspNetCompiler.Debug = "False"
		VWDPort = "53387"
		SlnRelativePath = "Fun\"
		DefaultWebSiteLanguage = "Visual Basic"
	EndProjectSection
EndProject
Global
	GlobalSection(SolutionConfigurationPlatforms) = preSolution
		Debug|Any CPU = Debug|Any CPU
	EndGlobalSection
	GlobalSection(ProjectConfigurationPlatforms) = postSolution
		{4CAAF40D-D8C3-490A-8449-32AC774620B5}.Debug|Any CPU.ActiveCfg = Debug|Any CPU
		{4CAAF40D-D8C3-490A-8449-32AC774620B5}.Debug|Any CPU.Build.0 = Debug|Any CPU
	EndGlobalSection
	GlobalSection(SolutionProperties) = preSolution
		HideSolutionNode = FALSE
	EndGlobalSection
	GlobalSection(ExtensibilityGlobals) = postSolution
		SolutionGuid = {2C6239EA-1562-469A-9936-6874459D4CFA}
	EndGlobalSection
EndGlobal
