
Microsoft Visual Studio Solution File, Format Version 12.00
# Visual Studio 15
VisualStudioVersion = 15.0.27428.2002
MinimumVisualStudioVersion = 10.0.40219.1
Project("{E24C65DC-7377-472B-9ABA-BC803B73C61A}") = "Webcamex", "Webcamex\", "{A392BD5A-53EA-499F-9FDF-95CECC4EA561}"
	ProjectSection(WebsiteProperties) = preProject
		TargetFrameworkMoniker = ".NETFramework,Version%3Dv4.6.1"
		Debug.AspNetCompiler.VirtualPath = "/localhost_53643"
		Debug.AspNetCompiler.PhysicalPath = "Webcamex\"
		Debug.AspNetCompiler.TargetPath = "PrecompiledWeb\localhost_53643\"
		Debug.AspNetCompiler.Updateable = "true"
		Debug.AspNetCompiler.ForceOverwrite = "true"
		Debug.AspNetCompiler.FixedNames = "false"
		Debug.AspNetCompiler.Debug = "True"
		Release.AspNetCompiler.VirtualPath = "/localhost_53643"
		Release.AspNetCompiler.PhysicalPath = "Webcamex\"
		Release.AspNetCompiler.TargetPath = "PrecompiledWeb\localhost_53643\"
		Release.AspNetCompiler.Updateable = "true"
		Release.AspNetCompiler.ForceOverwrite = "true"
		Release.AspNetCompiler.FixedNames = "false"
		Release.AspNetCompiler.Debug = "False"
		VWDPort = "53643"
		SlnRelativePath = "Webcamex\"
		DefaultWebSiteLanguage = "Visual Basic"
	EndProjectSection
EndProject
Global
	GlobalSection(SolutionConfigurationPlatforms) = preSolution
		Debug|Any CPU = Debug|Any CPU
	EndGlobalSection
	GlobalSection(ProjectConfigurationPlatforms) = postSolution
		{A392BD5A-53EA-499F-9FDF-95CECC4EA561}.Debug|Any CPU.ActiveCfg = Debug|Any CPU
		{A392BD5A-53EA-499F-9FDF-95CECC4EA561}.Debug|Any CPU.Build.0 = Debug|Any CPU
	EndGlobalSection
	GlobalSection(SolutionProperties) = preSolution
		HideSolutionNode = FALSE
	EndGlobalSection
	GlobalSection(ExtensibilityGlobals) = postSolution
		SolutionGuid = {1EDB1335-C200-402F-9E52-0E92DDBDF9A5}
	EndGlobalSection
EndGlobal
